
Microsoft Visual Studio Solution File, Format Version 12.00
Project("{FAE04EC0-301F-11D3-BF4B-00C04F79EFBC}") = "sqlmake", "sqlmake\sqlmake.csproj", "{D7530D9C-EB59-4CF9-A8DD-B3B8F8593C3C}"
EndProject
Project("{FAE04EC0-301F-11D3-BF4B-00C04F79EFBC}") = "SqlMaker", "SqlMaker\SqlMaker.csproj", "{A57D2AF1-0FEF-4E33-8B9E-9350086FD2A9}"
EndProject
Project("{FAE04EC0-301F-11D3-BF4B-00C04F79EFBC}") = "LoadData", "LoadData\LoadData.csproj", "{DADDACA9-177A-439D-A428-174E951A97A3}"
EndProject
Global
	GlobalSection(SolutionConfigurationPlatforms) = preSolution
		Debug|Any CPU = Debug|Any CPU
		Release|Any CPU = Release|Any CPU
	EndGlobalSection
	GlobalSection(ProjectConfigurationPlatforms) = postSolution
		{D7530D9C-EB59-4CF9-A8DD-B3B8F8593C3C}.Debug|Any CPU.ActiveCfg = Debug|Any CPU
		{D7530D9C-EB59-4CF9-A8DD-B3B8F8593C3C}.Debug|Any CPU.Build.0 = Debug|Any CPU
		{D7530D9C-EB59-4CF9-A8DD-B3B8F8593C3C}.Release|Any CPU.ActiveCfg = Release|Any CPU
		{D7530D9C-EB59-4CF9-A8DD-B3B8F8593C3C}.Release|Any CPU.Build.0 = Release|Any CPU
		{A57D2AF1-0FEF-4E33-8B9E-9350086FD2A9}.Debug|Any CPU.ActiveCfg = Debug|Any CPU
		{A57D2AF1-0FEF-4E33-8B9E-9350086FD2A9}.Debug|Any CPU.Build.0 = Debug|Any CPU
		{A57D2AF1-0FEF-4E33-8B9E-9350086FD2A9}.Release|Any CPU.ActiveCfg = Release|Any CPU
		{A57D2AF1-0FEF-4E33-8B9E-9350086FD2A9}.Release|Any CPU.Build.0 = Release|Any CPU
		{DADDACA9-177A-439D-A428-174E951A97A3}.Debug|Any CPU.ActiveCfg = Debug|Any CPU
		{DADDACA9-177A-439D-A428-174E951A97A3}.Debug|Any CPU.Build.0 = Debug|Any CPU
		{DADDACA9-177A-439D-A428-174E951A97A3}.Release|Any CPU.ActiveCfg = Release|Any CPU
		{DADDACA9-177A-439D-A428-174E951A97A3}.Release|Any CPU.Build.0 = Release|Any CPU
	EndGlobalSection
EndGlobal
